Microsoft Visual Studio Solution File, Format Version 11.00
# Visual Studio 2008

Project("{0525F4DA-0F9C-EC00-CC57-8A78D7893B99}") = "rube Goldberg", "Assembly-CSharp.csproj", "{B4892526-28F9-A30B-7B46-4B4035CEE501}"
EndProject
Project("{0525F4DA-0F9C-EC00-CC57-8A78D7893B99}") = "rube Goldberg", "Assembly-UnityScript-firstpass.unityproj", "{FB406D02-9BDD-58B7-23F9-E48C2B5EA175}"
EndProject
Global
	GlobalSection(SolutionConfigurationPlatforms) = preSolution
		Debug|Any CPU = Debug|Any CPU
		Release|Any CPU = Release|Any CPU
	EndGlobalSection
	GlobalSection(ProjectConfigurationPlatforms) = postSolution
		{B4892526-28F9-A30B-7B46-4B4035CEE501}.Debug|Any CPU.ActiveCfg = Debug|Any CPU
		{B4892526-28F9-A30B-7B46-4B4035CEE501}.Debug|Any CPU.Build.0 = Debug|Any CPU
		{B4892526-28F9-A30B-7B46-4B4035CEE501}.Release|Any CPU.ActiveCfg = Release|Any CPU
		{B4892526-28F9-A30B-7B46-4B4035CEE501}.Release|Any CPU.Build.0 = Release|Any CPU
		{FB406D02-9BDD-58B7-23F9-E48C2B5EA175}.Debug|Any CPU.ActiveCfg = Debug|Any CPU
		{FB406D02-9BDD-58B7-23F9-E48C2B5EA175}.Debug|Any CPU.Build.0 = Debug|Any CPU
		{FB406D02-9BDD-58B7-23F9-E48C2B5EA175}.Release|Any CPU.ActiveCfg = Release|Any CPU
		{FB406D02-9BDD-58B7-23F9-E48C2B5EA175}.Release|Any CPU.Build.0 = Release|Any CPU
	EndGlobalSection
	GlobalSection(SolutionProperties) = preSolution
		HideSolutionNode = FALSE
	EndGlobalSection
																																									GlobalSection(MonoDevelopProperties) = preSolution
		StartupItem = Assembly-CSharp.csproj
		Policies = $0
		$0.TextStylePolicy = $1
		$1.inheritsSet = null
		$1.scope = text/x-csharp
		$0.CSharpFormattingPolicy = $2
		$2.inheritsSet = Mono
		$2.inheritsScope = text/x-csharp
		$2.scope = text/x-csharp
		$0.TextStylePolicy = $3
		$3.FileWidth = 120
		$3.TabWidth = 4
		$3.EolMarker = Unix
		$3.inheritsSet = Mono
		$3.inheritsScope = text/plain
		$3.scope = text/plain
	EndGlobalSection

EndGlobal
