Microsoft Visual Studio Solution File, Format Version 11.00
# Visual Studio 2008

Project("{03F583FB-1A33-9B2C-C2A3-BCEFE1CA4249}") = "week 4 lab", "Assembly-CSharp.csproj", "{29EF11DF-B24B-0D68-7B0F-896767736158}"
EndProject
Global
	GlobalSection(SolutionConfigurationPlatforms) = preSolution
		Debug|Any CPU = Debug|Any CPU
		Release|Any CPU = Release|Any CPU
	EndGlobalSection
	GlobalSection(ProjectConfigurationPlatforms) = postSolution
		{29EF11DF-B24B-0D68-7B0F-896767736158}.Debug|Any CPU.ActiveCfg = Debug|Any CPU
		{29EF11DF-B24B-0D68-7B0F-896767736158}.Debug|Any CPU.Build.0 = Debug|Any CPU
		{29EF11DF-B24B-0D68-7B0F-896767736158}.Release|Any CPU.ActiveCfg = Release|Any CPU
		{29EF11DF-B24B-0D68-7B0F-896767736158}.Release|Any CPU.Build.0 = Release|Any CPU
	EndGlobalSection
	GlobalSection(SolutionProperties) = preSolution
		HideSolutionNode = FALSE
	EndGlobalSection
				GlobalSection(MonoDevelopProperties) = preSolution
		StartupItem = Assembly-CSharp.csproj
		Policies = $0
		$0.TextStylePolicy = $1
		$1.inheritsSet = null
		$1.scope = text/x-csharp
		$0.CSharpFormattingPolicy = $2
		$2.inheritsSet = Mono
		$2.inheritsScope = text/x-csharp
		$2.scope = text/x-csharp
		$0.TextStylePolicy = $3
		$3.FileWidth = 120
		$3.TabWidth = 4
		$3.EolMarker = Unix
		$3.inheritsSet = Mono
		$3.inheritsScope = text/plain
		$3.scope = text/plain
	EndGlobalSection

EndGlobal
