Microsoft Visual Studio Solution File, Format Version 11.00
# Visual Studio 2008

Project("{443C2BD5-D95F-0E24-5A8C-7E2CA076BF68}") = "Character Controller lab", "Assembly-CSharp.csproj", "{9A0879B3-F509-4122-17FB-8EDC3DC5EE67}"
EndProject
Global
	GlobalSection(SolutionConfigurationPlatforms) = preSolution
		Debug|Any CPU = Debug|Any CPU
		Release|Any CPU = Release|Any CPU
	EndGlobalSection
	GlobalSection(ProjectConfigurationPlatforms) = postSolution
		{9A0879B3-F509-4122-17FB-8EDC3DC5EE67}.Debug|Any CPU.ActiveCfg = Debug|Any CPU
		{9A0879B3-F509-4122-17FB-8EDC3DC5EE67}.Debug|Any CPU.Build.0 = Debug|Any CPU
		{9A0879B3-F509-4122-17FB-8EDC3DC5EE67}.Release|Any CPU.ActiveCfg = Release|Any CPU
		{9A0879B3-F509-4122-17FB-8EDC3DC5EE67}.Release|Any CPU.Build.0 = Release|Any CPU
	EndGlobalSection
	GlobalSection(SolutionProperties) = preSolution
		HideSolutionNode = FALSE
	EndGlobalSection
										GlobalSection(MonoDevelopProperties) = preSolution
		StartupItem = Assembly-CSharp.csproj
		Policies = $0
		$0.TextStylePolicy = $1
		$1.inheritsSet = null
		$1.scope = text/x-csharp
		$0.CSharpFormattingPolicy = $2
		$2.inheritsSet = Mono
		$2.inheritsScope = text/x-csharp
		$2.scope = text/x-csharp
		$0.TextStylePolicy = $3
		$3.FileWidth = 120
		$3.TabWidth = 4
		$3.EolMarker = Unix
		$3.inheritsSet = Mono
		$3.inheritsScope = text/plain
		$3.scope = text/plain
	EndGlobalSection

EndGlobal
